// !$*UTF8*$!
{
	archiveVersion = 1;
	classes = {
	};
	objectVersion = 46;
	objects = {

/* Begin PBXBuildFile section */
		B502DA6616291E9B00DD98DB /* UIKit.framework in Frameworks */ = {isa = PBXBuildFile; fileRef = B502DA6516291E9B00DD98DB /* UIKit.framework */; };
		B502DA6816291E9B00DD98DB /* Foundation.framework in Frameworks */ = {isa = PBXBuildFile; fileRef = B502DA6716291E9B00DD98DB /* Foundation.framework */; };
		B502DA6A16291E9B00DD98DB /* CoreGraphics.framework in Frameworks */ = {isa = PBXBuildFile; fileRef = B502DA6916291E9B00DD98DB /* CoreGraphics.framework */; };
		B502DA6C16291E9B00DD98DB /* CoreData.framework in Frameworks */ = {isa = PBXBuildFile; fileRef = B502DA6B16291E9B00DD98DB /* CoreData.framework */; };
		B502DA7216291E9B00DD98DB /* InfoPlist.strings in Resources */ = {isa = PBXBuildFile; fileRef = B502DA7016291E9B00DD98DB /* InfoPlist.strings */; };
		B502DA7416291E9B00DD98DB /* main.m in Sources */ = {isa = PBXBuildFile; fileRef = B502DA7316291E9B00DD98DB /* main.m */; };
		B502DA7816291E9B00DD98DB /* AppDelegate.m in Sources */ = {isa = PBXBuildFile; fileRef = B502DA7716291E9B00DD98DB /* AppDelegate.m */; };
		B502DA7A16291E9B00DD98DB /* Default.png in Resources */ = {isa = PBXBuildFile; fileRef = B502DA7916291E9B00DD98DB /* Default.png */; };
		B502DA7C16291E9B00DD98DB /* Default@2x.png in Resources */ = {isa = PBXBuildFile; fileRef = B502DA7B16291E9B00DD98DB /* Default@2x.png */; };
		B502DA7E16291E9B00DD98DB /* Default-568h@2x.png in Resources */ = {isa = PBXBuildFile; fileRef = B502DA7D16291E9B00DD98DB /* Default-568h@2x.png */; };
		B502DA8116291E9B00DD98DB /* ExpenseTrackr.xcdatamodeld in Sources */ = {isa = PBXBuildFile; fileRef = B502DA7F16291E9B00DD98DB /* ExpenseTrackr.xcdatamodeld */; };
		B502DA8B1629207B00DD98DB /* CustomTableCellViewController.m in Sources */ = {isa = PBXBuildFile; fileRef = B502DA891629207B00DD98DB /* CustomTableCellViewController.m */; };
		B502DA8C1629207B00DD98DB /* CustomTableCellViewController.xib in Resources */ = {isa = PBXBuildFile; fileRef = B502DA8A1629207B00DD98DB /* CustomTableCellViewController.xib */; };
		B502DA901629254400DD98DB /* HomeViewController.m in Sources */ = {isa = PBXBuildFile; fileRef = B502DA8E1629254400DD98DB /* HomeViewController.m */; };
		B502DA911629254400DD98DB /* HomeViewController.xib in Resources */ = {isa = PBXBuildFile; fileRef = B502DA8F1629254400DD98DB /* HomeViewController.xib */; };
		B502DA94162935A200DD98DB /* home_bg.png in Resources */ = {isa = PBXBuildFile; fileRef = B502DA93162935A200DD98DB /* home_bg.png */; };
		B502DA961629364200DD98DB /* big_logo.png in Resources */ = {isa = PBXBuildFile; fileRef = B502DA951629364200DD98DB /* big_logo.png */; };
		B502DA98162936CE00DD98DB /* btn_bg.png in Resources */ = {isa = PBXBuildFile; fileRef = B502DA97162936CE00DD98DB /* btn_bg.png */; };
		B502DA9C162A445200DD98DB /* SignupViewController.m in Sources */ = {isa = PBXBuildFile; fileRef = B502DA9A162A445200DD98DB /* SignupViewController.m */; };
		B502DA9D162A445200DD98DB /* SignupViewController.xib in Resources */ = {isa = PBXBuildFile; fileRef = B502DA9B162A445200DD98DB /* SignupViewController.xib */; };
		B502DAA3162A53FE00DD98DB /* header.png in Resources */ = {isa = PBXBuildFile; fileRef = B502DAA2162A53FE00DD98DB /* header.png */; };
		B502DABA162A5F3300DD98DB /* AFHTTPClient.m in Sources */ = {isa = PBXBuildFile; fileRef = B502DAA6162A5F3300DD98DB /* AFHTTPClient.m */; settings = {COMPILER_FLAGS = "-fno-objc-arc"; }; };
		B502DABB162A5F3300DD98DB /* AFHTTPRequestOperation.m in Sources */ = {isa = PBXBuildFile; fileRef = B502DAA8162A5F3300DD98DB /* AFHTTPRequestOperation.m */; settings = {COMPILER_FLAGS = "-fno-objc-arc"; }; };
		B502DABC162A5F3300DD98DB /* AFImageRequestOperation.m in Sources */ = {isa = PBXBuildFile; fileRef = B502DAAA162A5F3300DD98DB /* AFImageRequestOperation.m */; settings = {COMPILER_FLAGS = "-fno-objc-arc"; }; };
		B502DABD162A5F3300DD98DB /* AFJSONRequestOperation.m in Sources */ = {isa = PBXBuildFile; fileRef = B502DAAC162A5F3300DD98DB /* AFJSONRequestOperation.m */; settings = {COMPILER_FLAGS = "-fno-objc-arc"; }; };
		B502DABE162A5F3300DD98DB /* AFJSONUtilities.m in Sources */ = {isa = PBXBuildFile; fileRef = B502DAAE162A5F3300DD98DB /* AFJSONUtilities.m */; settings = {COMPILER_FLAGS = "-fno-objc-arc"; }; };
		B502DABF162A5F3300DD98DB /* AFNetworkActivityIndicatorManager.m in Sources */ = {isa = PBXBuildFile; fileRef = B502DAB0162A5F3300DD98DB /* AFNetworkActivityIndicatorManager.m */; settings = {COMPILER_FLAGS = "-fno-objc-arc"; }; };
		B502DAC0162A5F3300DD98DB /* AFPropertyListRequestOperation.m in Sources */ = {isa = PBXBuildFile; fileRef = B502DAB3162A5F3300DD98DB /* AFPropertyListRequestOperation.m */; settings = {COMPILER_FLAGS = "-fno-objc-arc"; }; };
		B502DAC1162A5F3300DD98DB /* AFURLConnectionOperation.m in Sources */ = {isa = PBXBuildFile; fileRef = B502DAB5162A5F3300DD98DB /* AFURLConnectionOperation.m */; settings = {COMPILER_FLAGS = "-fno-objc-arc"; }; };
		B502DAC2162A5F3300DD98DB /* AFXMLRequestOperation.m in Sources */ = {isa = PBXBuildFile; fileRef = B502DAB7162A5F3300DD98DB /* AFXMLRequestOperation.m */; settings = {COMPILER_FLAGS = "-fno-objc-arc"; }; };
		B502DAC3162A5F3300DD98DB /* UIImageView+AFNetworking.m in Sources */ = {isa = PBXBuildFile; fileRef = B502DAB9162A5F3300DD98DB /* UIImageView+AFNetworking.m */; settings = {COMPILER_FLAGS = "-fno-objc-arc"; }; };
		B502DAC9162A622E00DD98DB /* AppConfig.plist in Resources */ = {isa = PBXBuildFile; fileRef = B502DAC8162A622E00DD98DB /* AppConfig.plist */; };
		B502DACC162A637300DD98DB /* AppConfig.m in Sources */ = {isa = PBXBuildFile; fileRef = B502DACB162A637300DD98DB /* AppConfig.m */; };
		B502DACF162A77A200DD98DB /* SpinnerView.m in Sources */ = {isa = PBXBuildFile; fileRef = B502DACE162A77A200DD98DB /* SpinnerView.m */; };
		B502DAD1162A78DB00DD98DB /* spinner_background.png in Resources */ = {isa = PBXBuildFile; fileRef = B502DAD0162A78DB00DD98DB /* spinner_background.png */; };
		B502DAD5162A7BDE00DD98DB /* LoginViewController.m in Sources */ = {isa = PBXBuildFile; fileRef = B502DAD3162A7BDE00DD98DB /* LoginViewController.m */; };
		B502DAD6162A7BDE00DD98DB /* LoginViewController.xib in Resources */ = {isa = PBXBuildFile; fileRef = B502DAD4162A7BDE00DD98DB /* LoginViewController.xib */; };
		B502DAD9162A8F6700DD98DB /* KeychainItemWrapper.m in Sources */ = {isa = PBXBuildFile; fileRef = B502DAD8162A8F6700DD98DB /* KeychainItemWrapper.m */; };
		B502DADB162B790700DD98DB /* Security.framework in Frameworks */ = {isa = PBXBuildFile; fileRef = B502DADA162B790700DD98DB /* Security.framework */; };
		B502DAE0162B7D1700DD98DB /* ExpensesViewController.m in Sources */ = {isa = PBXBuildFile; fileRef = B502DADE162B7D1700DD98DB /* ExpensesViewController.m */; };
		B502DAE1162B7D1700DD98DB /* ExpensesViewController.xib in Resources */ = {isa = PBXBuildFile; fileRef = B502DADF162B7D1700DD98DB /* ExpensesViewController.xib */; };
		B502DAE3162B813300DD98DB /* white_plus_sign.png in Resources */ = {isa = PBXBuildFile; fileRef = B502DAE2162B813300DD98DB /* white_plus_sign.png */; };
		B502DAE5162B818D00DD98DB /* envelope_border.png in Resources */ = {isa = PBXBuildFile; fileRef = B502DAE4162B818D00DD98DB /* envelope_border.png */; };
		B502DAE9162B835100DD98DB /* NewExpenseViewController.m in Sources */ = {isa = PBXBuildFile; fileRef = B502DAE7162B835100DD98DB /* NewExpenseViewController.m */; };
		B502DAEA162B835100DD98DB /* NewExpenseViewController.xib in Resources */ = {isa = PBXBuildFile; fileRef = B502DAE8162B835100DD98DB /* NewExpenseViewController.xib */; };
		B502DAEC162B9BA200DD98DB /* trash_icon.png in Resources */ = {isa = PBXBuildFile; fileRef = B502DAEB162B9BA200DD98DB /* trash_icon.png */; };
		B502DAEE162BC5EF00DD98DB /* add_button.png in Resources */ = {isa = PBXBuildFile; fileRef = B502DAED162BC5EF00DD98DB /* add_button.png */; };
		B502DAF0162BC76700DD98DB /* icon@2x_et.png in Resources */ = {isa = PBXBuildFile; fileRef = B502DAEF162BC76700DD98DB /* icon@2x_et.png */; };
		B502DAF2162BC78E00DD98DB /* Default.png in Resources */ = {isa = PBXBuildFile; fileRef = B502DAF1162BC78E00DD98DB /* Default.png */; };
		B502DAF4162BC79800DD98DB /* Default@2x.png in Resources */ = {isa = PBXBuildFile; fileRef = B502DAF3162BC79800DD98DB /* Default@2x.png */; };
		B502DAF8162BD49C00DD98DB /* CategoriesViewController.m in Sources */ = {isa = PBXBuildFile; fileRef = B502DAF6162BD49C00DD98DB /* CategoriesViewController.m */; };
		B502DAF9162BD49C00DD98DB /* CategoriesViewController.xib in Resources */ = {isa = PBXBuildFile; fileRef = B502DAF7162BD49C00DD98DB /* CategoriesViewController.xib */; };
		B502DAFD162BD54900DD98DB /* Expense.m in Sources */ = {isa = PBXBuildFile; fileRef = B502DAFC162BD54900DD98DB /* Expense.m */; };
		B502DB00162BD5D500DD98DB /* ExpenseCategory.m in Sources */ = {isa = PBXBuildFile; fileRef = B502DAFF162BD5D500DD98DB /* ExpenseCategory.m */; };
		B54DE23E16328A3E00798A25 /* ExpenseCell.m in Sources */ = {isa = PBXBuildFile; fileRef = B54DE23D16328A3E00798A25 /* ExpenseCell.m */; };
		B54DE24016328A4D00798A25 /* ExpenseCell.xib in Resources */ = {isa = PBXBuildFile; fileRef = B54DE23F16328A4D00798A25 /* ExpenseCell.xib */; };
		B54DE244163311C900798A25 /* ExpenseDetailsViewController.m in Sources */ = {isa = PBXBuildFile; fileRef = B54DE242163311C900798A25 /* ExpenseDetailsViewController.m */; };
		B54DE245163311C900798A25 /* ExpenseDetailsViewController.xib in Resources */ = {isa = PBXBuildFile; fileRef = B54DE243163311C900798A25 /* ExpenseDetailsViewController.xib */; };
		B54DE2471633148A00798A25 /* ExpenseDetailCell.xib in Resources */ = {isa = PBXBuildFile; fileRef = B54DE2461633148A00798A25 /* ExpenseDetailCell.xib */; };
		B54DE24A163314A800798A25 /* ExpenseDetailCell.m in Sources */ = {isa = PBXBuildFile; fileRef = B54DE249163314A800798A25 /* ExpenseDetailCell.m */; };
		B54DE24F1633489D00798A25 /* QuartzCore.framework in Frameworks */ = {isa = PBXBuildFile; fileRef = B54DE24E1633489D00798A25 /* QuartzCore.framework */; };
		B54DE253163348E400798A25 /* SVPullToRefresh.m in Sources */ = {isa = PBXBuildFile; fileRef = B54DE252163348E400798A25 /* SVPullToRefresh.m */; };
		B54DE25516339D8C00798A25 /* list_icon.png in Resources */ = {isa = PBXBuildFile; fileRef = B54DE25416339D8C00798A25 /* list_icon.png */; };
		B54DE25916339E3600798A25 /* DashboardViewController.m in Sources */ = {isa = PBXBuildFile; fileRef = B54DE25716339E3600798A25 /* DashboardViewController.m */; };
		B54DE25A16339E3600798A25 /* DashboardViewController.xib in Resources */ = {isa = PBXBuildFile; fileRef = B54DE25816339E3600798A25 /* DashboardViewController.xib */; };
/* End PBXBuildFile section */

/* Begin PBXFileReference section */
		B502DA6116291E9B00DD98DB /* ExpenseTrackr.app */ = {isa = PBXFileReference; explicitFileType = wrapper.application; includeInIndex = 0; path = ExpenseTrackr.app; sourceTree = BUILT_PRODUCTS_DIR; };
		B502DA6516291E9B00DD98DB /* UIKit.framework */ = {isa = PBXFileReference; lastKnownFileType = wrapper.framework; name = UIKit.framework; path = System/Library/Frameworks/UIKit.framework; sourceTree = SDKROOT; };
		B502DA6716291E9B00DD98DB /* Foundation.framework */ = {isa = PBXFileReference; lastKnownFileType = wrapper.framework; name = Foundation.framework; path = System/Library/Frameworks/Foundation.framework; sourceTree = SDKROOT; };
		B502DA6916291E9B00DD98DB /* CoreGraphics.framework */ = {isa = PBXFileReference; lastKnownFileType = wrapper.framework; name = CoreGraphics.framework; path = System/Library/Frameworks/CoreGraphics.framework; sourceTree = SDKROOT; };
		B502DA6B16291E9B00DD98DB /* CoreData.framework */ = {isa = PBXFileReference; lastKnownFileType = wrapper.framework; name = CoreData.framework; path = System/Library/Frameworks/CoreData.framework; sourceTree = SDKROOT; };
		B502DA6F16291E9B00DD98DB /* ExpenseTrackr-Info.plist */ = {isa = PBXFileReference; lastKnownFileType = text.plist.xml; path = "ExpenseTrackr-Info.plist"; sourceTree = "<group>"; };
		B502DA7116291E9B00DD98DB /* en */ = {isa = PBXFileReference; lastKnownFileType = text.plist.strings; name = en; path = en.lproj/InfoPlist.strings; sourceTree = "<group>"; };
		B502DA7316291E9B00DD98DB /* main.m */ = {isa = PBXFileReference; lastKnownFileType = sourcecode.c.objc; path = main.m; sourceTree = "<group>"; };
		B502DA7516291E9B00DD98DB /* ExpenseTrackr-Prefix.pch */ = {isa = PBXFileReference; lastKnownFileType = sourcecode.c.h; path = "ExpenseTrackr-Prefix.pch"; sourceTree = "<group>"; };
		B502DA7616291E9B00DD98DB /* AppDelegate.h */ = {isa = PBXFileReference; lastKnownFileType = sourcecode.c.h; path = AppDelegate.h; sourceTree = "<group>"; };
		B502DA7716291E9B00DD98DB /* AppDelegate.m */ = {isa = PBXFileReference; lastKnownFileType = sourcecode.c.objc; path = AppDelegate.m; sourceTree = "<group>"; };
		B502DA7916291E9B00DD98DB /* Default.png */ = {isa = PBXFileReference; lastKnownFileType = image.png; path = Default.png; sourceTree = "<group>"; };
		B502DA7B16291E9B00DD98DB /* Default@2x.png */ = {isa = PBXFileReference; lastKnownFileType = image.png; path = "Default@2x.png"; sourceTree = "<group>"; };
		B502DA7D16291E9B00DD98DB /* Default-568h@2x.png */ = {isa = PBXFileReference; lastKnownFileType = image.png; path = "Default-568h@2x.png"; sourceTree = "<group>"; };
		B502DA8016291E9B00DD98DB /* ExpenseTrackr.xcdatamodel */ = {isa = PBXFileReference; lastKnownFileType = wrapper.xcdatamodel; path = ExpenseTrackr.xcdatamodel; sourceTree = "<group>"; };
		B502DA881629207B00DD98DB /* CustomTableCellViewController.h */ = {isa = PBXFileReference; fileEncoding = 4; lastKnownFileType = sourcecode.c.h; path = CustomTableCellViewController.h; sourceTree = "<group>"; };
		B502DA891629207B00DD98DB /* CustomTableCellViewController.m */ = {isa = PBXFileReference; fileEncoding = 4; lastKnownFileType = sourcecode.c.objc; path = CustomTableCellViewController.m; sourceTree = "<group>"; };
		B502DA8A1629207B00DD98DB /* CustomTableCellViewController.xib */ = {isa = PBXFileReference; fileEncoding = 4; lastKnownFileType = file.xib; path = CustomTableCellViewController.xib; sourceTree = "<group>"; };
		B502DA8D1629254300DD98DB /* HomeViewController.h */ = {isa = PBXFileReference; fileEncoding = 4; lastKnownFileType = sourcecode.c.h; path = HomeViewController.h; sourceTree = "<group>"; };
		B502DA8E1629254400DD98DB /* HomeViewController.m */ = {isa = PBXFileReference; fileEncoding = 4; lastKnownFileType = sourcecode.c.objc; path = HomeViewController.m; sourceTree = "<group>"; };
		B502DA8F1629254400DD98DB /* HomeViewController.xib */ = {isa = PBXFileReference; fileEncoding = 4; lastKnownFileType = file.xib; path = HomeViewController.xib; sourceTree = "<group>"; };
		B502DA93162935A200DD98DB /* home_bg.png */ = {isa = PBXFileReference; lastKnownFileType = image.png; name = home_bg.png; path = ../../../../Desktop/iphone_dev/ExpenseTrackr/home_bg.png; sourceTree = "<group>"; };
		B502DA951629364200DD98DB /* big_logo.png */ = {isa = PBXFileReference; lastKnownFileType = image.png; name = big_logo.png; path = ../../../../Desktop/iphone_dev/ExpenseTrackr/big_logo.png; sourceTree = "<group>"; };
		B502DA97162936CE00DD98DB /* btn_bg.png */ = {isa = PBXFileReference; lastKnownFileType = image.png; name = btn_bg.png; path = ../../../../Desktop/iphone_dev/ExpenseTrackr/btn_bg.png; sourceTree = "<group>"; };
		B502DA99162A445200DD98DB /* SignupViewController.h */ = {isa = PBXFileReference; fileEncoding = 4; lastKnownFileType = sourcecode.c.h; path = SignupViewController.h; sourceTree = "<group>"; };
		B502DA9A162A445200DD98DB /* SignupViewController.m */ = {isa = PBXFileReference; fileEncoding = 4; lastKnownFileType = sourcecode.c.objc; path = SignupViewController.m; sourceTree = "<group>"; };
		B502DA9B162A445200DD98DB /* SignupViewController.xib */ = {isa = PBXFileReference; fileEncoding = 4; lastKnownFileType = file.xib; path = SignupViewController.xib; sourceTree = "<group>"; };
		B502DAA2162A53FE00DD98DB /* header.png */ = {isa = PBXFileReference; lastKnownFileType = image.png; path = header.png; sourceTree = "<group>"; };
		B502DAA5162A5F3300DD98DB /* AFHTTPClient.h */ = {isa = PBXFileReference; fileEncoding = 4; lastKnownFileType = sourcecode.c.h; path = AFHTTPClient.h; sourceTree = "<group>"; };
		B502DAA6162A5F3300DD98DB /* AFHTTPClient.m */ = {isa = PBXFileReference; fileEncoding = 4; lastKnownFileType = sourcecode.c.objc; path = AFHTTPClient.m; sourceTree = "<group>"; };
		B502DAA7162A5F3300DD98DB /* AFHTTPRequestOperation.h */ = {isa = PBXFileReference; fileEncoding = 4; lastKnownFileType = sourcecode.c.h; path = AFHTTPRequestOperation.h; sourceTree = "<group>"; };
		B502DAA8162A5F3300DD98DB /* AFHTTPRequestOperation.m */ = {isa = PBXFileReference; fileEncoding = 4; lastKnownFileType = sourcecode.c.objc; path = AFHTTPRequestOperation.m; sourceTree = "<group>"; };
		B502DAA9162A5F3300DD98DB /* AFImageRequestOperation.h */ = {isa = PBXFileReference; fileEncoding = 4; lastKnownFileType = sourcecode.c.h; path = AFImageRequestOperation.h; sourceTree = "<group>"; };
		B502DAAA162A5F3300DD98DB /* AFImageRequestOperation.m */ = {isa = PBXFileReference; fileEncoding = 4; lastKnownFileType = sourcecode.c.objc; path = AFImageRequestOperation.m; sourceTree = "<group>"; };
		B502DAAB162A5F3300DD98DB /* AFJSONRequestOperation.h */ = {isa = PBXFileReference; fileEncoding = 4; lastKnownFileType = sourcecode.c.h; path = AFJSONRequestOperation.h; sourceTree = "<group>"; };
		B502DAAC162A5F3300DD98DB /* AFJSONRequestOperation.m */ = {isa = PBXFileReference; fileEncoding = 4; lastKnownFileType = sourcecode.c.objc; path = AFJSONRequestOperation.m; sourceTree = "<group>"; };
		B502DAAD162A5F3300DD98DB /* AFJSONUtilities.h */ = {isa = PBXFileReference; fileEncoding = 4; lastKnownFileType = sourcecode.c.h; path = AFJSONUtilities.h; sourceTree = "<group>"; };
		B502DAAE162A5F3300DD98DB /* AFJSONUtilities.m */ = {isa = PBXFileReference; fileEncoding = 4; lastKnownFileType = sourcecode.c.objc; path = AFJSONUtilities.m; sourceTree = "<group>"; };
		B502DAAF162A5F3300DD98DB /* AFNetworkActivityIndicatorManager.h */ = {isa = PBXFileReference; fileEncoding = 4; lastKnownFileType = sourcecode.c.h; path = AFNetworkActivityIndicatorManager.h; sourceTree = "<group>"; };
		B502DAB0162A5F3300DD98DB /* AFNetworkActivityIndicatorManager.m */ = {isa = PBXFileReference; fileEncoding = 4; lastKnownFileType = sourcecode.c.objc; path = AFNetworkActivityIndicatorManager.m; sourceTree = "<group>"; };
		B502DAB1162A5F3300DD98DB /* AFNetworking.h */ = {isa = PBXFileReference; fileEncoding = 4; lastKnownFileType = sourcecode.c.h; path = AFNetworking.h; sourceTree = "<group>"; };
		B502DAB2162A5F3300DD98DB /* AFPropertyListRequestOperation.h */ = {isa = PBXFileReference; fileEncoding = 4; lastKnownFileType = sourcecode.c.h; path = AFPropertyListRequestOperation.h; sourceTree = "<group>"; };
		B502DAB3162A5F3300DD98DB /* AFPropertyListRequestOperation.m */ = {isa = PBXFileReference; fileEncoding = 4; lastKnownFileType = sourcecode.c.objc; path = AFPropertyListRequestOperation.m; sourceTree = "<group>"; };
		B502DAB4162A5F3300DD98DB /* AFURLConnectionOperation.h */ = {isa = PBXFileReference; fileEncoding = 4; lastKnownFileType = sourcecode.c.h; path = AFURLConnectionOperation.h; sourceTree = "<group>"; };
		B502DAB5162A5F3300DD98DB /* AFURLConnectionOperation.m */ = {isa = PBXFileReference; fileEncoding = 4; lastKnownFileType = sourcecode.c.objc; path = AFURLConnectionOperation.m; sourceTree = "<group>"; };
		B502DAB6162A5F3300DD98DB /* AFXMLRequestOperation.h */ = {isa = PBXFileReference; fileEncoding = 4; lastKnownFileType = sourcecode.c.h; path = AFXMLRequestOperation.h; sourceTree = "<group>"; };
		B502DAB7162A5F3300DD98DB /* AFXMLRequestOperation.m */ = {isa = PBXFileReference; fileEncoding = 4; lastKnownFileType = sourcecode.c.objc; path = AFXMLRequestOperation.m; sourceTree = "<group>"; };
		B502DAB8162A5F3300DD98DB /* UIImageView+AFNetworking.h */ = {isa = PBXFileReference; fileEncoding = 4; lastKnownFileType = sourcecode.c.h; path = "UIImageView+AFNetworking.h"; sourceTree = "<group>"; };
		B502DAB9162A5F3300DD98DB /* UIImageView+AFNetworking.m */ = {isa = PBXFileReference; fileEncoding = 4; lastKnownFileType = sourcecode.c.objc; path = "UIImageView+AFNetworking.m"; sourceTree = "<group>"; };
		B502DAC8162A622E00DD98DB /* AppConfig.plist */ = {isa = PBXFileReference; fileEncoding = 4; lastKnownFileType = text.plist.xml; path = AppConfig.plist; sourceTree = "<group>"; };
		B502DACA162A637300DD98DB /* AppConfig.h */ = {isa = PBXFileReference; fileEncoding = 4; lastKnownFileType = sourcecode.c.h; path = AppConfig.h; sourceTree = "<group>"; };
		B502DACB162A637300DD98DB /* AppConfig.m */ = {isa = PBXFileReference; fileEncoding = 4; lastKnownFileType = sourcecode.c.objc; path = AppConfig.m; sourceTree = "<group>"; };
		B502DACD162A77A200DD98DB /* SpinnerView.h */ = {isa = PBXFileReference; fileEncoding = 4; lastKnownFileType = sourcecode.c.h; path = SpinnerView.h; sourceTree = "<group>"; };
		B502DACE162A77A200DD98DB /* SpinnerView.m */ = {isa = PBXFileReference; fileEncoding = 4; lastKnownFileType = sourcecode.c.objc; path = SpinnerView.m; sourceTree = "<group>"; };
		B502DAD0162A78DB00DD98DB /* spinner_background.png */ = {isa = PBXFileReference; lastKnownFileType = image.png; path = spinner_background.png; sourceTree = "<group>"; };
		B502DAD2162A7BDE00DD98DB /* LoginViewController.h */ = {isa = PBXFileReference; fileEncoding = 4; lastKnownFileType = sourcecode.c.h; path = LoginViewController.h; sourceTree = "<group>"; };
		B502DAD3162A7BDE00DD98DB /* LoginViewController.m */ = {isa = PBXFileReference; fileEncoding = 4; lastKnownFileType = sourcecode.c.objc; path = LoginViewController.m; sourceTree = "<group>"; };
		B502DAD4162A7BDE00DD98DB /* LoginViewController.xib */ = {isa = PBXFileReference; fileEncoding = 4; lastKnownFileType = file.xib; path = LoginViewController.xib; sourceTree = "<group>"; };
		B502DAD7162A8F6700DD98DB /* KeychainItemWrapper.h */ = {isa = PBXFileReference; fileEncoding = 4; lastKnownFileType = sourcecode.c.h; path = KeychainItemWrapper.h; sourceTree = "<group>"; };
		B502DAD8162A8F6700DD98DB /* KeychainItemWrapper.m */ = {isa = PBXFileReference; fileEncoding = 4; lastKnownFileType = sourcecode.c.objc; path = KeychainItemWrapper.m; sourceTree = "<group>"; };
		B502DADA162B790700DD98DB /* Security.framework */ = {isa = PBXFileReference; lastKnownFileType = wrapper.framework; name = Security.framework; path = System/Library/Frameworks/Security.framework; sourceTree = SDKROOT; };
		B502DADD162B7D1700DD98DB /* ExpensesViewController.h */ = {isa = PBXFileReference; fileEncoding = 4; lastKnownFileType = sourcecode.c.h; path = ExpensesViewController.h; sourceTree = "<group>"; };
		B502DADE162B7D1700DD98DB /* ExpensesViewController.m */ = {isa = PBXFileReference; fileEncoding = 4; lastKnownFileType = sourcecode.c.objc; path = ExpensesViewController.m; sourceTree = "<group>"; };
		B502DADF162B7D1700DD98DB /* ExpensesViewController.xib */ = {isa = PBXFileReference; fileEncoding = 4; lastKnownFileType = file.xib; path = ExpensesViewController.xib; sourceTree = "<group>"; };
		B502DAE2162B813300DD98DB /* white_plus_sign.png */ = {isa = PBXFileReference; lastKnownFileType = image.png; path = white_plus_sign.png; sourceTree = "<group>"; };
		B502DAE4162B818D00DD98DB /* envelope_border.png */ = {isa = PBXFileReference; lastKnownFileType = image.png; path = envelope_border.png; sourceTree = "<group>"; };
		B502DAE6162B835100DD98DB /* NewExpenseViewController.h */ = {isa = PBXFileReference; fileEncoding = 4; lastKnownFileType = sourcecode.c.h; path = NewExpenseViewController.h; sourceTree = "<group>"; };
		B502DAE7162B835100DD98DB /* NewExpenseViewController.m */ = {isa = PBXFileReference; fileEncoding = 4; lastKnownFileType = sourcecode.c.objc; path = NewExpenseViewController.m; sourceTree = "<group>"; };
		B502DAE8162B835100DD98DB /* NewExpenseViewController.xib */ = {isa = PBXFileReference; fileEncoding = 4; lastKnownFileType = file.xib; path = NewExpenseViewController.xib; sourceTree = "<group>"; };
		B502DAEB162B9BA200DD98DB /* trash_icon.png */ = {isa = PBXFileReference; lastKnownFileType = image.png; path = trash_icon.png; sourceTree = "<group>"; };
		B502DAED162BC5EF00DD98DB /* add_button.png */ = {isa = PBXFileReference; lastKnownFileType = image.png; path = add_button.png; sourceTree = "<group>"; };
		B502DAEF162BC76700DD98DB /* icon@2x_et.png */ = {isa = PBXFileReference; lastKnownFileType = image.png; path = "icon@2x_et.png"; sourceTree = "<group>"; };
		B502DAF1162BC78E00DD98DB /* Default.png */ = {isa = PBXFileReference; lastKnownFileType = image.png; path = Default.png; sourceTree = "<group>"; };
		B502DAF3162BC79800DD98DB /* Default@2x.png */ = {isa = PBXFileReference; lastKnownFileType = image.png; path = "Default@2x.png"; sourceTree = "<group>"; };
		B502DAF5162BD49C00DD98DB /* CategoriesViewController.h */ = {isa = PBXFileReference; fileEncoding = 4; lastKnownFileType = sourcecode.c.h; path = CategoriesViewController.h; sourceTree = "<group>"; };
		B502DAF6162BD49C00DD98DB /* CategoriesViewController.m */ = {isa = PBXFileReference; fileEncoding = 4; lastKnownFileType = sourcecode.c.objc; path = CategoriesViewController.m; sourceTree = "<group>"; };
		B502DAF7162BD49C00DD98DB /* CategoriesViewController.xib */ = {isa = PBXFileReference; fileEncoding = 4; lastKnownFileType = file.xib; path = CategoriesViewController.xib; sourceTree = "<group>"; };
		B502DAFB162BD54900DD98DB /* Expense.h */ = {isa = PBXFileReference; fileEncoding = 4; lastKnownFileType = sourcecode.c.h; path = Expense.h; sourceTree = "<group>"; };
		B502DAFC162BD54900DD98DB /* Expense.m */ = {isa = PBXFileReference; fileEncoding = 4; lastKnownFileType = sourcecode.c.objc; path = Expense.m; sourceTree = "<group>"; };
		B502DAFE162BD5D500DD98DB /* ExpenseCategory.h */ = {isa = PBXFileReference; fileEncoding = 4; lastKnownFileType = sourcecode.c.h; path = ExpenseCategory.h; sourceTree = "<group>"; };
		B502DAFF162BD5D500DD98DB /* ExpenseCategory.m */ = {isa = PBXFileReference; fileEncoding = 4; lastKnownFileType = sourcecode.c.objc; path = ExpenseCategory.m; sourceTree = "<group>"; };
		B54DE23C16328A3E00798A25 /* ExpenseCell.h */ = {isa = PBXFileReference; fileEncoding = 4; lastKnownFileType = sourcecode.c.h; path = ExpenseCell.h; sourceTree = "<group>"; };
		B54DE23D16328A3E00798A25 /* ExpenseCell.m */ = {isa = PBXFileReference; fileEncoding = 4; lastKnownFileType = sourcecode.c.objc; path = ExpenseCell.m; sourceTree = "<group>"; };
		B54DE23F16328A4D00798A25 /* ExpenseCell.xib */ = {isa = PBXFileReference; fileEncoding = 4; lastKnownFileType = file.xib; path = ExpenseCell.xib; sourceTree = "<group>"; };
		B54DE241163311C900798A25 /* ExpenseDetailsViewController.h */ = {isa = PBXFileReference; fileEncoding = 4; lastKnownFileType = sourcecode.c.h; path = ExpenseDetailsViewController.h; sourceTree = "<group>"; };
		B54DE242163311C900798A25 /* ExpenseDetailsViewController.m */ = {isa = PBXFileReference; fileEncoding = 4; lastKnownFileType = sourcecode.c.objc; path = ExpenseDetailsViewController.m; sourceTree = "<group>"; };
		B54DE243163311C900798A25 /* ExpenseDetailsViewController.xib */ = {isa = PBXFileReference; fileEncoding = 4; lastKnownFileType = file.xib; path = ExpenseDetailsViewController.xib; sourceTree = "<group>"; };
		B54DE2461633148A00798A25 /* ExpenseDetailCell.xib */ = {isa = PBXFileReference; fileEncoding = 4; lastKnownFileType = file.xib; path = ExpenseDetailCell.xib; sourceTree = "<group>"; };
		B54DE248163314A800798A25 /* ExpenseDetailCell.h */ = {isa = PBXFileReference; fileEncoding = 4; lastKnownFileType = sourcecode.c.h; path = ExpenseDetailCell.h; sourceTree = "<group>"; };
		B54DE249163314A800798A25 /* ExpenseDetailCell.m */ = {isa = PBXFileReference; fileEncoding = 4; lastKnownFileType = sourcecode.c.objc; path = ExpenseDetailCell.m; sourceTree = "<group>"; };
		B54DE24E1633489D00798A25 /* QuartzCore.framework */ = {isa = PBXFileReference; lastKnownFileType = wrapper.framework; name = QuartzCore.framework; path = System/Library/Frameworks/QuartzCore.framework; sourceTree = SDKROOT; };
		B54DE251163348E400798A25 /* SVPullToRefresh.h */ = {isa = PBXFileReference; fileEncoding = 4; lastKnownFileType = sourcecode.c.h; path = SVPullToRefresh.h; sourceTree = "<group>"; };
		B54DE252163348E400798A25 /* SVPullToRefresh.m */ = {isa = PBXFileReference; fileEncoding = 4; lastKnownFileType = sourcecode.c.objc; path = SVPullToRefresh.m; sourceTree = "<group>"; };
		B54DE25416339D8C00798A25 /* list_icon.png */ = {isa = PBXFileReference; lastKnownFileType = image.png; path = list_icon.png; sourceTree = "<group>"; };
		B54DE25616339E3600798A25 /* DashboardViewController.h */ = {isa = PBXFileReference; fileEncoding = 4; lastKnownFileType = sourcecode.c.h; path = DashboardViewController.h; sourceTree = "<group>"; };
		B54DE25716339E3600798A25 /* DashboardViewController.m */ = {isa = PBXFileReference; fileEncoding = 4; lastKnownFileType = sourcecode.c.objc; path = DashboardViewController.m; sourceTree = "<group>"; };
		B54DE25816339E3600798A25 /* DashboardViewController.xib */ = {isa = PBXFileReference; fileEncoding = 4; lastKnownFileType = file.xib; path = DashboardViewController.xib; sourceTree = "<group>"; };
/* End PBXFileReference section */

/* Begin PBXFrameworksBuildPhase section */
		B502DA5E16291E9B00DD98DB /* Frameworks */ = {
			isa = PBXFrameworksBuildPhase;
			buildActionMask = 2147483647;
			files = (
				B54DE24F1633489D00798A25 /* QuartzCore.framework in Frameworks */,
				B502DADB162B790700DD98DB /* Security.framework in Frameworks */,
				B502DA6616291E9B00DD98DB /* UIKit.framework in Frameworks */,
				B502DA6816291E9B00DD98DB /* Foundation.framework in Frameworks */,
				B502DA6A16291E9B00DD98DB /* CoreGraphics.framework in Frameworks */,
				B502DA6C16291E9B00DD98DB /* CoreData.framework in Frameworks */,
			);
			runOnlyForDeploymentPostprocessing = 0;
		};
/* End PBXFrameworksBuildPhase section */

/* Begin PBXGroup section */
		B502DA5616291E9B00DD98DB = {
			isa = PBXGroup;
			children = (
				B54DE250163348E300798A25 /* SVPullToRefresh */,
				B54DE2351632883D00798A25 /* Cells */,
				B502DAFA162BD53600DD98DB /* Models */,
				B502DAF3162BC79800DD98DB /* Default@2x.png */,
				B502DAF1162BC78E00DD98DB /* Default.png */,
				B502DAEF162BC76700DD98DB /* icon@2x_et.png */,
				B502DAC8162A622E00DD98DB /* AppConfig.plist */,
				B502DAC4162A613100DD98DB /* Classes */,
				B502DAA4162A5F3300DD98DB /* AFNetworking */,
				B502DA921629258400DD98DB /* Images */,
				B502DA871629205500DD98DB /* Controllers */,
				B502DA6D16291E9B00DD98DB /* ExpenseTrackr */,
				B502DA6416291E9B00DD98DB /* Frameworks */,
				B502DA6216291E9B00DD98DB /* Products */,
			);
			sourceTree = "<group>";
		};
		B502DA6216291E9B00DD98DB /* Products */ = {
			isa = PBXGroup;
			children = (
				B502DA6116291E9B00DD98DB /* ExpenseTrackr.app */,
			);
			name = Products;
			sourceTree = "<group>";
		};
		B502DA6416291E9B00DD98DB /* Frameworks */ = {
			isa = PBXGroup;
			children = (
				B54DE24E1633489D00798A25 /* QuartzCore.framework */,
				B502DADA162B790700DD98DB /* Security.framework */,
				B502DA6516291E9B00DD98DB /* UIKit.framework */,
				B502DA6716291E9B00DD98DB /* Foundation.framework */,
				B502DA6916291E9B00DD98DB /* CoreGraphics.framework */,
				B502DA6B16291E9B00DD98DB /* CoreData.framework */,
			);
			name = Frameworks;
			sourceTree = "<group>";
		};
		B502DA6D16291E9B00DD98DB /* ExpenseTrackr */ = {
			isa = PBXGroup;
			children = (
				B502DA7616291E9B00DD98DB /* AppDelegate.h */,
				B502DA7716291E9B00DD98DB /* AppDelegate.m */,
				B502DA7F16291E9B00DD98DB /* ExpenseTrackr.xcdatamodeld */,
				B502DA6E16291E9B00DD98DB /* Supporting Files */,
			);
			path = ExpenseTrackr;
			sourceTree = "<group>";
		};
		B502DA6E16291E9B00DD98DB /* Supporting Files */ = {
			isa = PBXGroup;
			children = (
				B502DA6F16291E9B00DD98DB /* ExpenseTrackr-Info.plist */,
				B502DA7016291E9B00DD98DB /* InfoPlist.strings */,
				B502DA7316291E9B00DD98DB /* main.m */,
				B502DA7516291E9B00DD98DB /* ExpenseTrackr-Prefix.pch */,
				B502DA7916291E9B00DD98DB /* Default.png */,
				B502DA7B16291E9B00DD98DB /* Default@2x.png */,
				B502DA7D16291E9B00DD98DB /* Default-568h@2x.png */,
			);
			name = "Supporting Files";
			sourceTree = "<group>";
		};
		B502DA871629205500DD98DB /* Controllers */ = {
			isa = PBXGroup;
			children = (
				B502DADC162B7D0900DD98DB /* Expenses */,
				B502DA881629207B00DD98DB /* CustomTableCellViewController.h */,
				B502DA891629207B00DD98DB /* CustomTableCellViewController.m */,
				B502DA8A1629207B00DD98DB /* CustomTableCellViewController.xib */,
				B502DA8D1629254300DD98DB /* HomeViewController.h */,
				B502DA8E1629254400DD98DB /* HomeViewController.m */,
				B502DA8F1629254400DD98DB /* HomeViewController.xib */,
				B502DA99162A445200DD98DB /* SignupViewController.h */,
				B502DA9A162A445200DD98DB /* SignupViewController.m */,
				B502DA9B162A445200DD98DB /* SignupViewController.xib */,
				B502DAD2162A7BDE00DD98DB /* LoginViewController.h */,
				B502DAD3162A7BDE00DD98DB /* LoginViewController.m */,
				B502DAD4162A7BDE00DD98DB /* LoginViewController.xib */,
				B502DAF5162BD49C00DD98DB /* CategoriesViewController.h */,
				B502DAF6162BD49C00DD98DB /* CategoriesViewController.m */,
				B502DAF7162BD49C00DD98DB /* CategoriesViewController.xib */,
				B54DE25616339E3600798A25 /* DashboardViewController.h */,
				B54DE25716339E3600798A25 /* DashboardViewController.m */,
				B54DE25816339E3600798A25 /* DashboardViewController.xib */,
			);
			name = Controllers;
			path = ExpenseTrackr/Controllers;
			sourceTree = "<group>";
		};
		B502DA921629258400DD98DB /* Images */ = {
			isa = PBXGroup;
			children = (
				B54DE25416339D8C00798A25 /* list_icon.png */,
				B502DAED162BC5EF00DD98DB /* add_button.png */,
				B502DAEB162B9BA200DD98DB /* trash_icon.png */,
				B502DAE4162B818D00DD98DB /* envelope_border.png */,
				B502DAE2162B813300DD98DB /* white_plus_sign.png */,
				B502DAD0162A78DB00DD98DB /* spinner_background.png */,
				B502DAA2162A53FE00DD98DB /* header.png */,
				B502DA97162936CE00DD98DB /* btn_bg.png */,
				B502DA951629364200DD98DB /* big_logo.png */,
				B502DA93162935A200DD98DB /* home_bg.png */,
			);
			name = Images;
			path = ExpenseTrackr/Images;
			sourceTree = "<group>";
		};
		B502DAA4162A5F3300DD98DB /* AFNetworking */ = {
			isa = PBXGroup;
			children = (
				B502DAA5162A5F3300DD98DB /* AFHTTPClient.h */,
				B502DAA6162A5F3300DD98DB /* AFHTTPClient.m */,
				B502DAA7162A5F3300DD98DB /* AFHTTPRequestOperation.h */,
				B502DAA8162A5F3300DD98DB /* AFHTTPRequestOperation.m */,
				B502DAA9162A5F3300DD98DB /* AFImageRequestOperation.h */,
				B502DAAA162A5F3300DD98DB /* AFImageRequestOperation.m */,
				B502DAAB162A5F3300DD98DB /* AFJSONRequestOperation.h */,
				B502DAAC162A5F3300DD98DB /* AFJSONRequestOperation.m */,
				B502DAAD162A5F3300DD98DB /* AFJSONUtilities.h */,
				B502DAAE162A5F3300DD98DB /* AFJSONUtilities.m */,
				B502DAAF162A5F3300DD98DB /* AFNetworkActivityIndicatorManager.h */,
				B502DAB0162A5F3300DD98DB /* AFNetworkActivityIndicatorManager.m */,
				B502DAB1162A5F3300DD98DB /* AFNetworking.h */,
				B502DAB2162A5F3300DD98DB /* AFPropertyListRequestOperation.h */,
				B502DAB3162A5F3300DD98DB /* AFPropertyListRequestOperation.m */,
				B502DAB4162A5F3300DD98DB /* AFURLConnectionOperation.h */,
				B502DAB5162A5F3300DD98DB /* AFURLConnectionOperation.m */,
				B502DAB6162A5F3300DD98DB /* AFXMLRequestOperation.h */,
				B502DAB7162A5F3300DD98DB /* AFXMLRequestOperation.m */,
				B502DAB8162A5F3300DD98DB /* UIImageView+AFNetworking.h */,
				B502DAB9162A5F3300DD98DB /* UIImageView+AFNetworking.m */,
			);
			path = AFNetworking;
			sourceTree = "<group>";
		};
		B502DAC4162A613100DD98DB /* Classes */ = {
			isa = PBXGroup;
			children = (
				B502DACA162A637300DD98DB /* AppConfig.h */,
				B502DACB162A637300DD98DB /* AppConfig.m */,
				B502DACD162A77A200DD98DB /* SpinnerView.h */,
				B502DACE162A77A200DD98DB /* SpinnerView.m */,
				B502DAD7162A8F6700DD98DB /* KeychainItemWrapper.h */,
				B502DAD8162A8F6700DD98DB /* KeychainItemWrapper.m */,
			);
			name = Classes;
			path = ExpenseTrackr/Classes;
			sourceTree = "<group>";
		};
		B502DADC162B7D0900DD98DB /* Expenses */ = {
			isa = PBXGroup;
			children = (
				B502DADD162B7D1700DD98DB /* ExpensesViewController.h */,
				B502DADE162B7D1700DD98DB /* ExpensesViewController.m */,
				B502DADF162B7D1700DD98DB /* ExpensesViewController.xib */,
				B502DAE6162B835100DD98DB /* NewExpenseViewController.h */,
				B502DAE7162B835100DD98DB /* NewExpenseViewController.m */,
				B502DAE8162B835100DD98DB /* NewExpenseViewController.xib */,
				B54DE241163311C900798A25 /* ExpenseDetailsViewController.h */,
				B54DE242163311C900798A25 /* ExpenseDetailsViewController.m */,
				B54DE243163311C900798A25 /* ExpenseDetailsViewController.xib */,
			);
			path = Expenses;
			sourceTree = "<group>";
		};
		B502DAFA162BD53600DD98DB /* Models */ = {
			isa = PBXGroup;
			children = (
				B502DAFB162BD54900DD98DB /* Expense.h */,
				B502DAFC162BD54900DD98DB /* Expense.m */,
				B502DAFE162BD5D500DD98DB /* ExpenseCategory.h */,
				B502DAFF162BD5D500DD98DB /* ExpenseCategory.m */,
			);
			name = Models;
			path = ExpenseTrackr/Models;
			sourceTree = "<group>";
		};
		B54DE2351632883D00798A25 /* Cells */ = {
			isa = PBXGroup;
			children = (
				B54DE23C16328A3E00798A25 /* ExpenseCell.h */,
				B54DE23D16328A3E00798A25 /* ExpenseCell.m */,
				B54DE23F16328A4D00798A25 /* ExpenseCell.xib */,
				B54DE2461633148A00798A25 /* ExpenseDetailCell.xib */,
				B54DE248163314A800798A25 /* ExpenseDetailCell.h */,
				B54DE249163314A800798A25 /* ExpenseDetailCell.m */,
			);
			name = Cells;
			path = ExpenseTrackr/Cells;
			sourceTree = "<group>";
		};
		B54DE250163348E300798A25 /* SVPullToRefresh */ = {
			isa = PBXGroup;
			children = (
				B54DE251163348E400798A25 /* SVPullToRefresh.h */,
				B54DE252163348E400798A25 /* SVPullToRefresh.m */,
			);
			path = SVPullToRefresh;
			sourceTree = "<group>";
		};
/* End PBXGroup section */

/* Begin PBXNativeTarget section */
		B502DA6016291E9B00DD98DB /* ExpenseTrackr */ = {
			isa = PBXNativeTarget;
			buildConfigurationList = B502DA8416291E9B00DD98DB /* Build configuration list for PBXNativeTarget "ExpenseTrackr" */;
			buildPhases = (
				B502DA5D16291E9B00DD98DB /* Sources */,
				B502DA5E16291E9B00DD98DB /* Frameworks */,
				B502DA5F16291E9B00DD98DB /* Resources */,
			);
			buildRules = (
			);
			dependencies = (
			);
			name = ExpenseTrackr;
			productName = ExpenseTrackr;
			productReference = B502DA6116291E9B00DD98DB /* ExpenseTrackr.app */;
			productType = "com.apple.product-type.application";
		};
/* End PBXNativeTarget section */

/* Begin PBXProject section */
		B502DA5816291E9B00DD98DB /* Project object */ = {
			isa = PBXProject;
			attributes = {
				LastUpgradeCheck = 0450;
				ORGANIZATIONNAME = "Crafted By Tri";
			};
			buildConfigurationList = B502DA5B16291E9B00DD98DB /* Build configuration list for PBXProject "ExpenseTrackr" */;
			compatibilityVersion = "Xcode 3.2";
			developmentRegion = English;
			hasScannedForEncodings = 0;
			knownRegions = (
				en,
			);
			mainGroup = B502DA5616291E9B00DD98DB;
			productRefGroup = B502DA6216291E9B00DD98DB /* Products */;
			projectDirPath = "";
			projectRoot = "";
			targets = (
				B502DA6016291E9B00DD98DB /* ExpenseTrackr */,
			);
		};
/* End PBXProject section */

/* Begin PBXResourcesBuildPhase section */
		B502DA5F16291E9B00DD98DB /* Resources */ = {
			isa = PBXResourcesBuildPhase;
			buildActionMask = 2147483647;
			files = (
				B502DA7216291E9B00DD98DB /* InfoPlist.strings in Resources */,
				B502DA7A16291E9B00DD98DB /* Default.png in Resources */,
				B502DA7C16291E9B00DD98DB /* Default@2x.png in Resources */,
				B502DA7E16291E9B00DD98DB /* Default-568h@2x.png in Resources */,
				B502DA8C1629207B00DD98DB /* CustomTableCellViewController.xib in Resources */,
				B502DA911629254400DD98DB /* HomeViewController.xib in Resources */,
				B502DA94162935A200DD98DB /* home_bg.png in Resources */,
				B502DA961629364200DD98DB /* big_logo.png in Resources */,
				B502DA98162936CE00DD98DB /* btn_bg.png in Resources */,
				B502DA9D162A445200DD98DB /* SignupViewController.xib in Resources */,
				B502DAA3162A53FE00DD98DB /* header.png in Resources */,
				B502DAC9162A622E00DD98DB /* AppConfig.plist in Resources */,
				B502DAD1162A78DB00DD98DB /* spinner_background.png in Resources */,
				B502DAD6162A7BDE00DD98DB /* LoginViewController.xib in Resources */,
				B502DAE1162B7D1700DD98DB /* ExpensesViewController.xib in Resources */,
				B502DAE3162B813300DD98DB /* white_plus_sign.png in Resources */,
				B502DAE5162B818D00DD98DB /* envelope_border.png in Resources */,
				B502DAEA162B835100DD98DB /* NewExpenseViewController.xib in Resources */,
				B502DAEC162B9BA200DD98DB /* trash_icon.png in Resources */,
				B502DAEE162BC5EF00DD98DB /* add_button.png in Resources */,
				B502DAF0162BC76700DD98DB /* icon@2x_et.png in Resources */,
				B502DAF2162BC78E00DD98DB /* Default.png in Resources */,
				B502DAF4162BC79800DD98DB /* Default@2x.png in Resources */,
				B502DAF9162BD49C00DD98DB /* CategoriesViewController.xib in Resources */,
				B54DE24016328A4D00798A25 /* ExpenseCell.xib in Resources */,
				B54DE245163311C900798A25 /* ExpenseDetailsViewController.xib in Resources */,
				B54DE2471633148A00798A25 /* ExpenseDetailCell.xib in Resources */,
				B54DE25516339D8C00798A25 /* list_icon.png in Resources */,
				B54DE25A16339E3600798A25 /* DashboardViewController.xib in Resources */,
			);
			runOnlyForDeploymentPostprocessing = 0;
		};
/* End PBXResourcesBuildPhase section */

/* Begin PBXSourcesBuildPhase section */
		B502DA5D16291E9B00DD98DB /* Sources */ = {
			isa = PBXSourcesBuildPhase;
			buildActionMask = 2147483647;
			files = (
				B502DA7416291E9B00DD98DB /* main.m in Sources */,
				B502DA7816291E9B00DD98DB /* AppDelegate.m in Sources */,
				B502DA8116291E9B00DD98DB /* ExpenseTrackr.xcdatamodeld in Sources */,
				B502DA8B1629207B00DD98DB /* CustomTableCellViewController.m in Sources */,
				B502DA901629254400DD98DB /* HomeViewController.m in Sources */,
				B502DA9C162A445200DD98DB /* SignupViewController.m in Sources */,
				B502DABA162A5F3300DD98DB /* AFHTTPClient.m in Sources */,
				B502DABB162A5F3300DD98DB /* AFHTTPRequestOperation.m in Sources */,
				B502DABC162A5F3300DD98DB /* AFImageRequestOperation.m in Sources */,
				B502DABD162A5F3300DD98DB /* AFJSONRequestOperation.m in Sources */,
				B502DABE162A5F3300DD98DB /* AFJSONUtilities.m in Sources */,
				B502DABF162A5F3300DD98DB /* AFNetworkActivityIndicatorManager.m in Sources */,
				B502DAC0162A5F3300DD98DB /* AFPropertyListRequestOperation.m in Sources */,
				B502DAC1162A5F3300DD98DB /* AFURLConnectionOperation.m in Sources */,
				B502DAC2162A5F3300DD98DB /* AFXMLRequestOperation.m in Sources */,
				B502DAC3162A5F3300DD98DB /* UIImageView+AFNetworking.m in Sources */,
				B502DACC162A637300DD98DB /* AppConfig.m in Sources */,
				B502DACF162A77A200DD98DB /* SpinnerView.m in Sources */,
				B502DAD5162A7BDE00DD98DB /* LoginViewController.m in Sources */,
				B502DAD9162A8F6700DD98DB /* KeychainItemWrapper.m in Sources */,
				B502DAE0162B7D1700DD98DB /* ExpensesViewController.m in Sources */,
				B502DAE9162B835100DD98DB /* NewExpenseViewController.m in Sources */,
				B502DAF8162BD49C00DD98DB /* CategoriesViewController.m in Sources */,
				B502DAFD162BD54900DD98DB /* Expense.m in Sources */,
				B502DB00162BD5D500DD98DB /* ExpenseCategory.m in Sources */,
				B54DE23E16328A3E00798A25 /* ExpenseCell.m in Sources */,
				B54DE244163311C900798A25 /* ExpenseDetailsViewController.m in Sources */,
				B54DE24A163314A800798A25 /* ExpenseDetailCell.m in Sources */,
				B54DE253163348E400798A25 /* SVPullToRefresh.m in Sources */,
				B54DE25916339E3600798A25 /* DashboardViewController.m in Sources */,
			);
			runOnlyForDeploymentPostprocessing = 0;
		};
/* End PBXSourcesBuildPhase section */

/* Begin PBXVariantGroup section */
		B502DA7016291E9B00DD98DB /* InfoPlist.strings */ = {
			isa = PBXVariantGroup;
			children = (
				B502DA7116291E9B00DD98DB /* en */,
			);
			name = InfoPlist.strings;
			sourceTree = "<group>";
		};
/* End PBXVariantGroup section */

/* Begin XCBuildConfiguration section */
		B502DA8216291E9B00DD98DB /* Debug */ = {
			isa = XCBuildConfiguration;
			buildSettings = {
				ALWAYS_SEARCH_USER_PATHS = NO;
				CLANG_CXX_LANGUAGE_STANDARD = "gnu++0x";
				CLANG_CXX_LIBRARY = "libc++";
				CLANG_ENABLE_OBJC_ARC = YES;
				CLANG_WARN_EMPTY_BODY = YES;
				CLANG_WARN__DUPLICATE_METHOD_MATCH = YES;
				"CODE_SIGN_IDENTITY[sdk=iphoneos*]" = "iPhone Developer";
				COPY_PHASE_STRIP = NO;
				GCC_C_LANGUAGE_STANDARD = gnu99;
				GCC_DYNAMIC_NO_PIC = NO;
				GCC_OPTIMIZATION_LEVEL = 0;
				GCC_PREPROCESSOR_DEFINITIONS = (
					"DEBUG=1",
					"$(inherited)",
				);
				GCC_SYMBOLS_PRIVATE_EXTERN = NO;
				GCC_WARN_ABOUT_RETURN_TYPE = YES;
				GCC_WARN_UNINITIALIZED_AUTOS = YES;
				GCC_WARN_UNUSED_VARIABLE = YES;
				IPHONEOS_DEPLOYMENT_TARGET = 6.0;
				ONLY_ACTIVE_ARCH = YES;
				SDKROOT = iphoneos;
			};
			name = Debug;
		};
		B502DA8316291E9B00DD98DB /* Release */ = {
			isa = XCBuildConfiguration;
			buildSettings = {
				ALWAYS_SEARCH_USER_PATHS = NO;
				CLANG_CXX_LANGUAGE_STANDARD = "gnu++0x";
				CLANG_CXX_LIBRARY = "libc++";
				CLANG_ENABLE_OBJC_ARC = YES;
				CLANG_WARN_EMPTY_BODY = YES;
				CLANG_WARN__DUPLICATE_METHOD_MATCH = YES;
				"CODE_SIGN_IDENTITY[sdk=iphoneos*]" = "iPhone Developer";
				COPY_PHASE_STRIP = YES;
				GCC_C_LANGUAGE_STANDARD = gnu99;
				GCC_WARN_ABOUT_RETURN_TYPE = YES;
				GCC_WARN_UNINITIALIZED_AUTOS = YES;
				GCC_WARN_UNUSED_VARIABLE = YES;
				IPHONEOS_DEPLOYMENT_TARGET = 6.0;
				OTHER_CFLAGS = "-DNS_BLOCK_ASSERTIONS=1";
				SDKROOT = iphoneos;
				VALIDATE_PRODUCT = YES;
			};
			name = Release;
		};
		B502DA8516291E9B00DD98DB /* Debug */ = {
			isa = XCBuildConfiguration;
			buildSettings = {
				GCC_PRECOMPILE_PREFIX_HEADER = YES;
				GCC_PREFIX_HEADER = "ExpenseTrackr/ExpenseTrackr-Prefix.pch";
				INFOPLIST_FILE = "ExpenseTrackr/ExpenseTrackr-Info.plist";
				PRODUCT_NAME = "$(TARGET_NAME)";
				WRAPPER_EXTENSION = app;
			};
			name = Debug;
		};
		B502DA8616291E9B00DD98DB /* Release */ = {
			isa = XCBuildConfiguration;
			buildSettings = {
				GCC_PRECOMPILE_PREFIX_HEADER = YES;
				GCC_PREFIX_HEADER = "ExpenseTrackr/ExpenseTrackr-Prefix.pch";
				INFOPLIST_FILE = "ExpenseTrackr/ExpenseTrackr-Info.plist";
				PRODUCT_NAME = "$(TARGET_NAME)";
				WRAPPER_EXTENSION = app;
			};
			name = Release;
		};
/* End XCBuildConfiguration section */

/* Begin XCConfigurationList section */
		B502DA5B16291E9B00DD98DB /* Build configuration list for PBXProject "ExpenseTrackr" */ = {
			isa = XCConfigurationList;
			buildConfigurations = (
				B502DA8216291E9B00DD98DB /* Debug */,
				B502DA8316291E9B00DD98DB /* Release */,
			);
			defaultConfigurationIsVisible = 0;
			defaultConfigurationName = Release;
		};
		B502DA8416291E9B00DD98DB /* Build configuration list for PBXNativeTarget "ExpenseTrackr" */ = {
			isa = XCConfigurationList;
			buildConfigurations = (
				B502DA8516291E9B00DD98DB /* Debug */,
				B502DA8616291E9B00DD98DB /* Release */,
			);
			defaultConfigurationIsVisible = 0;
			defaultConfigurationName = Release;
		};
/* End XCConfigurationList section */

/* Begin XCVersionGroup section */
		B502DA7F16291E9B00DD98DB /* ExpenseTrackr.xcdatamodeld */ = {
			isa = XCVersionGroup;
			children = (
				B502DA8016291E9B00DD98DB /* ExpenseTrackr.xcdatamodel */,
			);
			currentVersion = B502DA8016291E9B00DD98DB /* ExpenseTrackr.xcdatamodel */;
			path = ExpenseTrackr.xcdatamodeld;
			sourceTree = "<group>";
			versionGroupType = wrapper.xcdatamodel;
		};
/* End XCVersionGroup section */
	};
	rootObject = B502DA5816291E9B00DD98DB /* Project object */;
}
